// !$*UTF8*$!
{
	archiveVersion = 1;
	classes = {
	};
	objectVersion = 50;
	objects = {

/* Begin PBXBuildFile section */
		3E49A3D02244DD4200D261B2 /* AppDelegate.swift in Sources */ = {isa = PBXBuildFile; fileRef = 3E49A3CF2244DD4200D261B2 /* AppDelegate.swift */; };
		3E49A3D22244DD4200D261B2 /* ViewController.swift in Sources */ = {isa = PBXBuildFile; fileRef = 3E49A3D12244DD4200D261B2 /* ViewController.swift */; };
		3E49A3D52244DD4200D261B2 /* Main.storyboard in Resources */ = {isa = PBXBuildFile; fileRef = 3E49A3D32244DD4200D261B2 /* Main.storyboard */; };
		3E49A3D72244DD4B00D261B2 /* Assets.xcassets in Resources */ = {isa = PBXBuildFile; fileRef = 3E49A3D62244DD4B00D261B2 /* Assets.xcassets */; };
		3E49A3DA2244DD4B00D261B2 /* LaunchScreen.storyboard in Resources */ = {isa = PBXBuildFile; fileRef = 3E49A3D82244DD4B00D261B2 /* LaunchScreen.storyboard */; };
		3E49A3E52244DD4B00D261B2 /* LHQSystemAlertDemoTests.swift in Sources */ = {isa = PBXBuildFile; fileRef = 3E49A3E42244DD4B00D261B2 /* LHQSystemAlertDemoTests.swift */; };
		3E49A3F02244DD4B00D261B2 /* LHQSystemAlertDemoUITests.swift in Sources */ = {isa = PBXBuildFile; fileRef = 3E49A3EF2244DD4B00D261B2 /* LHQSystemAlertDemoUITests.swift */; };
		3E49A3FE2244DD8800D261B2 /* AlertService.swift in Sources */ = {isa = PBXBuildFile; fileRef = 3E49A3FD2244DD8800D261B2 /* AlertService.swift */; };
/* End PBXBuildFile section */

/* Begin PBXContainerItemProxy section */
		3E49A3E12244DD4B00D261B2 /* PBXContainerItemProxy */ = {
			isa = PBXContainerItemProxy;
			containerPortal = 3E49A3C42244DD4100D261B2 /* Project object */;
			proxyType = 1;
			remoteGlobalIDString = 3E49A3CB2244DD4200D261B2;
			remoteInfo = LHQSystemAlertDemo;
		};
		3E49A3EC2244DD4B00D261B2 /* PBXContainerItemProxy */ = {
			isa = PBXContainerItemProxy;
			containerPortal = 3E49A3C42244DD4100D261B2 /* Project object */;
			proxyType = 1;
			remoteGlobalIDString = 3E49A3CB2244DD4200D261B2;
			remoteInfo = LHQSystemAlertDemo;
		};
/* End PBXContainerItemProxy section */

/* Begin PBXFileReference section */
		3E49A3CC2244DD4200D261B2 /* LHQSystemAlertDemo.app */ = {isa = PBXFileReference; explicitFileType = wrapper.application; includeInIndex = 0; path = LHQSystemAlertDemo.app; sourceTree = BUILT_PRODUCTS_DIR; };
		3E49A3CF2244DD4200D261B2 /* AppDelegate.swift */ = {isa = PBXFileReference; lastKnownFileType = sourcecode.swift; path = AppDelegate.swift; sourceTree = "<group>"; };
		3E49A3D12244DD4200D261B2 /* ViewController.swift */ = {isa = PBXFileReference; lastKnownFileType = sourcecode.swift; path = ViewController.swift; sourceTree = "<group>"; };
		3E49A3D42244DD4200D261B2 /* Base */ = {isa = PBXFileReference; lastKnownFileType = file.storyboard; name = Base; path = Base.lproj/Main.storyboard; sourceTree = "<group>"; };
		3E49A3D62244DD4B00D261B2 /* Assets.xcassets */ = {isa = PBXFileReference; lastKnownFileType = folder.assetcatalog; path = Assets.xcassets; sourceTree = "<group>"; };
		3E49A3D92244DD4B00D261B2 /* Base */ = {isa = PBXFileReference; lastKnownFileType = file.storyboard; name = Base; path = Base.lproj/LaunchScreen.storyboard; sourceTree = "<group>"; };
		3E49A3DB2244DD4B00D261B2 /* Info.plist */ = {isa = PBXFileReference; lastKnownFileType = text.plist.xml; path = Info.plist; sourceTree = "<group>"; };
		3E49A3E02244DD4B00D261B2 /* LHQSystemAlertDemoTests.xctest */ = {isa = PBXFileReference; explicitFileType = wrapper.cfbundle; includeInIndex = 0; path = LHQSystemAlertDemoTests.xctest; sourceTree = BUILT_PRODUCTS_DIR; };
		3E49A3E42244DD4B00D261B2 /* LHQSystemAlertDemoTests.swift */ = {isa = PBXFileReference; lastKnownFileType = sourcecode.swift; path = LHQSystemAlertDemoTests.swift; sourceTree = "<group>"; };
		3E49A3E62244DD4B00D261B2 /* Info.plist */ = {isa = PBXFileReference; lastKnownFileType = text.plist.xml; path = Info.plist; sourceTree = "<group>"; };
		3E49A3EB2244DD4B00D261B2 /* LHQSystemAlertDemoUITests.xctest */ = {isa = PBXFileReference; explicitFileType = wrapper.cfbundle; includeInIndex = 0; path = LHQSystemAlertDemoUITests.xctest; sourceTree = BUILT_PRODUCTS_DIR; };
		3E49A3EF2244DD4B00D261B2 /* LHQSystemAlertDemoUITests.swift */ = {isa = PBXFileReference; lastKnownFileType = sourcecode.swift; path = LHQSystemAlertDemoUITests.swift; sourceTree = "<group>"; };
		3E49A3F12244DD4B00D261B2 /* Info.plist */ = {isa = PBXFileReference; lastKnownFileType = text.plist.xml; path = Info.plist; sourceTree = "<group>"; };
		3E49A3FD2244DD8800D261B2 /* AlertService.swift */ = {isa = PBXFileReference; fileEncoding = 4; lastKnownFileType = sourcecode.swift; path = AlertService.swift; sourceTree = "<group>"; };
/* End PBXFileReference section */

/* Begin PBXFrameworksBuildPhase section */
		3E49A3C92244DD4200D261B2 /* Frameworks */ = {
			isa = PBXFrameworksBuildPhase;
			buildActionMask = 2147483647;
			files = (
			);
			runOnlyForDeploymentPostprocessing = 0;
		};
		3E49A3DD2244DD4B00D261B2 /* Frameworks */ = {
			isa = PBXFrameworksBuildPhase;
			buildActionMask = 2147483647;
			files = (
			);
			runOnlyForDeploymentPostprocessing = 0;
		};
		3E49A3E82244DD4B00D261B2 /* Frameworks */ = {
			isa = PBXFrameworksBuildPhase;
			buildActionMask = 2147483647;
			files = (
			);
			runOnlyForDeploymentPostprocessing = 0;
		};
/* End PBXFrameworksBuildPhase section */

/* Begin PBXGroup section */
		3E49A3C32244DD4100D261B2 = {
			isa = PBXGroup;
			children = (
				3E49A3CE2244DD4200D261B2 /* LHQSystemAlertDemo */,
				3E49A3E32244DD4B00D261B2 /* LHQSystemAlertDemoTests */,
				3E49A3EE2244DD4B00D261B2 /* LHQSystemAlertDemoUITests */,
				3E49A3CD2244DD4200D261B2 /* Products */,
			);
			sourceTree = "<group>";
		};
		3E49A3CD2244DD4200D261B2 /* Products */ = {
			isa = PBXGroup;
			children = (
				3E49A3CC2244DD4200D261B2 /* LHQSystemAlertDemo.app */,
				3E49A3E02244DD4B00D261B2 /* LHQSystemAlertDemoTests.xctest */,
				3E49A3EB2244DD4B00D261B2 /* LHQSystemAlertDemoUITests.xctest */,
			);
			name = Products;
			sourceTree = "<group>";
		};
		3E49A3CE2244DD4200D261B2 /* LHQSystemAlertDemo */ = {
			isa = PBXGroup;
			children = (
				3E49A3CF2244DD4200D261B2 /* AppDelegate.swift */,
				3E49A3D12244DD4200D261B2 /* ViewController.swift */,
				3E49A3FD2244DD8800D261B2 /* AlertService.swift */,
				3E49A3D32244DD4200D261B2 /* Main.storyboard */,
				3E49A3D62244DD4B00D261B2 /* Assets.xcassets */,
				3E49A3D82244DD4B00D261B2 /* LaunchScreen.storyboard */,
				3E49A3DB2244DD4B00D261B2 /* Info.plist */,
			);
			path = LHQSystemAlertDemo;
			sourceTree = "<group>";
		};
		3E49A3E32244DD4B00D261B2 /* LHQSystemAlertDemoTests */ = {
			isa = PBXGroup;
			children = (
				3E49A3E42244DD4B00D261B2 /* LHQSystemAlertDemoTests.swift */,
				3E49A3E62244DD4B00D261B2 /* Info.plist */,
			);
			path = LHQSystemAlertDemoTests;
			sourceTree = "<group>";
		};
		3E49A3EE2244DD4B00D261B2 /* LHQSystemAlertDemoUITests */ = {
			isa = PBXGroup;
			children = (
				3E49A3EF2244DD4B00D261B2 /* LHQSystemAlertDemoUITests.swift */,
				3E49A3F12244DD4B00D261B2 /* Info.plist */,
			);
			path = LHQSystemAlertDemoUITests;
			sourceTree = "<group>";
		};
/* End PBXGroup section */

/* Begin PBXNativeTarget section */
		3E49A3CB2244DD4200D261B2 /* LHQSystemAlertDemo */ = {
			isa = PBXNativeTarget;
			buildConfigurationList = 3E49A3F42244DD4B00D261B2 /* Build configuration list for PBXNativeTarget "LHQSystemAlertDemo" */;
			buildPhases = (
				3E49A3C82244DD4200D261B2 /* Sources */,
				3E49A3C92244DD4200D261B2 /* Frameworks */,
				3E49A3CA2244DD4200D261B2 /* Resources */,
			);
			buildRules = (
			);
			dependencies = (
			);
			name = LHQSystemAlertDemo;
			productName = LHQSystemAlertDemo;
			productReference = 3E49A3CC2244DD4200D261B2 /* LHQSystemAlertDemo.app */;
			productType = "com.apple.product-type.application";
		};
		3E49A3DF2244DD4B00D261B2 /* LHQSystemAlertDemoTests */ = {
			isa = PBXNativeTarget;
			buildConfigurationList = 3E49A3F72244DD4B00D261B2 /* Build configuration list for PBXNativeTarget "LHQSystemAlertDemoTests" */;
			buildPhases = (
				3E49A3DC2244DD4B00D261B2 /* Sources */,
				3E49A3DD2244DD4B00D261B2 /* Frameworks */,
				3E49A3DE2244DD4B00D261B2 /* Resources */,
			);
			buildRules = (
			);
			dependencies = (
				3E49A3E22244DD4B00D261B2 /* PBXTargetDependency */,
			);
			name = LHQSystemAlertDemoTests;
			productName = LHQSystemAlertDemoTests;
			productReference = 3E49A3E02244DD4B00D261B2 /* LHQSystemAlertDemoTests.xctest */;
			productType = "com.apple.product-type.bundle.unit-test";
		};
		3E49A3EA2244DD4B00D261B2 /* LHQSystemAlertDemoUITests */ = {
			isa = PBXNativeTarget;
			buildConfigurationList = 3E49A3FA2244DD4B00D261B2 /* Build configuration list for PBXNativeTarget "LHQSystemAlertDemoUITests" */;
			buildPhases = (
				3E49A3E72244DD4B00D261B2 /* Sources */,
				3E49A3E82244DD4B00D261B2 /* Frameworks */,
				3E49A3E92244DD4B00D261B2 /* Resources */,
			);
			buildRules = (
			);
			dependencies = (
				3E49A3ED2244DD4B00D261B2 /* PBXTargetDependency */,
			);
			name = LHQSystemAlertDemoUITests;
			productName = LHQSystemAlertDemoUITests;
			productReference = 3E49A3EB2244DD4B00D261B2 /* LHQSystemAlertDemoUITests.xctest */;
			productType = "com.apple.product-type.bundle.ui-testing";
		};
/* End PBXNativeTarget section */

/* Begin PBXProject section */
		3E49A3C42244DD4100D261B2 /* Project object */ = {
			isa = PBXProject;
			attributes = {
				LastSwiftUpdateCheck = 1010;
				LastUpgradeCheck = 1010;
				ORGANIZATIONNAME = linhuaqin;
				TargetAttributes = {
					3E49A3CB2244DD4200D261B2 = {
						CreatedOnToolsVersion = 10.1;
					};
					3E49A3DF2244DD4B00D261B2 = {
						CreatedOnToolsVersion = 10.1;
						TestTargetID = 3E49A3CB2244DD4200D261B2;
					};
					3E49A3EA2244DD4B00D261B2 = {
						CreatedOnToolsVersion = 10.1;
						TestTargetID = 3E49A3CB2244DD4200D261B2;
					};
				};
			};
			buildConfigurationList = 3E49A3C72244DD4100D261B2 /* Build configuration list for PBXProject "LHQSystemAlertDemo" */;
			compatibilityVersion = "Xcode 9.3";
			developmentRegion = en;
			hasScannedForEncodings = 0;
			knownRegions = (
				en,
				Base,
			);
			mainGroup = 3E49A3C32244DD4100D261B2;
			productRefGroup = 3E49A3CD2244DD4200D261B2 /* Products */;
			projectDirPath = "";
			projectRoot = "";
			targets = (
				3E49A3CB2244DD4200D261B2 /* LHQSystemAlertDemo */,
				3E49A3DF2244DD4B00D261B2 /* LHQSystemAlertDemoTests */,
				3E49A3EA2244DD4B00D261B2 /* LHQSystemAlertDemoUITests */,
			);
		};
/* End PBXProject section */

/* Begin PBXResourcesBuildPhase section */
		3E49A3CA2244DD4200D261B2 /* Resources */ = {
			isa = PBXResourcesBuildPhase;
			buildActionMask = 2147483647;
			files = (
				3E49A3DA2244DD4B00D261B2 /* LaunchScreen.storyboard in Resources */,
				3E49A3D72244DD4B00D261B2 /* Assets.xcassets in Resources */,
				3E49A3D52244DD4200D261B2 /* Main.storyboard in Resources */,
			);
			runOnlyForDeploymentPostprocessing = 0;
		};
		3E49A3DE2244DD4B00D261B2 /* Resources */ = {
			isa = PBXResourcesBuildPhase;
			buildActionMask = 2147483647;
			files = (
			);
			runOnlyForDeploymentPostprocessing = 0;
		};
		3E49A3E92244DD4B00D261B2 /* Resources */ = {
			isa = PBXResourcesBuildPhase;
			buildActionMask = 2147483647;
			files = (
			);
			runOnlyForDeploymentPostprocessing = 0;
		};
/* End PBXResourcesBuildPhase section */

/* Begin PBXSourcesBuildPhase section */
		3E49A3C82244DD4200D261B2 /* Sources */ = {
			isa = PBXSourcesBuildPhase;
			buildActionMask = 2147483647;
			files = (
				3E49A3D22244DD4200D261B2 /* ViewController.swift in Sources */,
				3E49A3FE2244DD8800D261B2 /* AlertService.swift in Sources */,
				3E49A3D02244DD4200D261B2 /* AppDelegate.swift in Sources */,
			);
			runOnlyForDeploymentPostprocessing = 0;
		};
		3E49A3DC2244DD4B00D261B2 /* Sources */ = {
			isa = PBXSourcesBuildPhase;
			buildActionMask = 2147483647;
			files = (
				3E49A3E52244DD4B00D261B2 /* LHQSystemAlertDemoTests.swift in Sources */,
			);
			runOnlyForDeploymentPostprocessing = 0;
		};
		3E49A3E72244DD4B00D261B2 /* Sources */ = {
			isa = PBXSourcesBuildPhase;
			buildActionMask = 2147483647;
			files = (
				3E49A3F02244DD4B00D261B2 /* LHQSystemAlertDemoUITests.swift in Sources */,
			);
			runOnlyForDeploymentPostprocessing = 0;
		};
/* End PBXSourcesBuildPhase section */

/* Begin PBXTargetDependency section */
		3E49A3E22244DD4B00D261B2 /* PBXTargetDependency */ = {
			isa = PBXTargetDependency;
			target = 3E49A3CB2244DD4200D261B2 /* LHQSystemAlertDemo */;
			targetProxy = 3E49A3E12244DD4B00D261B2 /* PBXContainerItemProxy */;
		};
		3E49A3ED2244DD4B00D261B2 /* PBXTargetDependency */ = {
			isa = PBXTargetDependency;
			target = 3E49A3CB2244DD4200D261B2 /* LHQSystemAlertDemo */;
			targetProxy = 3E49A3EC2244DD4B00D261B2 /* PBXContainerItemProxy */;
		};
/* End PBXTargetDependency section */

/* Begin PBXVariantGroup section */
		3E49A3D32244DD4200D261B2 /* Main.storyboard */ = {
			isa = PBXVariantGroup;
			children = (
				3E49A3D42244DD4200D261B2 /* Base */,
			);
			name = Main.storyboard;
			sourceTree = "<group>";
		};
		3E49A3D82244DD4B00D261B2 /* LaunchScreen.storyboard */ = {
			isa = PBXVariantGroup;
			children = (
				3E49A3D92244DD4B00D261B2 /* Base */,
			);
			name = LaunchScreen.storyboard;
			sourceTree = "<group>";
		};
/* End PBXVariantGroup section */

/* Begin XCBuildConfiguration section */
		3E49A3F22244DD4B00D261B2 /* Debug */ = {
			isa = XCBuildConfiguration;
			buildSettings = {
				ALWAYS_SEARCH_USER_PATHS = NO;
				CLANG_ANALYZER_NONNULL = YES;
				CLANG_ANALYZER_NUMBER_OBJECT_CONVERSION = YES_AGGRESSIVE;
				CLANG_CXX_LANGUAGE_STANDARD = "gnu++14";
				CLANG_CXX_LIBRARY = "libc++";
				CLANG_ENABLE_MODULES = YES;
				CLANG_ENABLE_OBJC_ARC = YES;
				CLANG_ENABLE_OBJC_WEAK = YES;
				CLANG_WARN_BLOCK_CAPTURE_AUTORELEASING = YES;
				CLANG_WARN_BOOL_CONVERSION = YES;
				CLANG_WARN_COMMA = YES;
				CLANG_WARN_CONSTANT_CONVERSION = YES;
				CLANG_WARN_DEPRECATED_OBJC_IMPLEMENTATIONS = YES;
				CLANG_WARN_DIRECT_OBJC_ISA_USAGE = YES_ERROR;
				CLANG_WARN_DOCUMENTATION_COMMENTS = YES;
				CLANG_WARN_EMPTY_BODY = YES;
				CLANG_WARN_ENUM_CONVERSION = YES;
				CLANG_WARN_INFINITE_RECURSION = YES;
				CLANG_WARN_INT_CONVERSION = YES;
				CLANG_WARN_NON_LITERAL_NULL_CONVERSION = YES;
				CLANG_WARN_OBJC_IMPLICIT_RETAIN_SELF = YES;
				CLANG_WARN_OBJC_LITERAL_CONVERSION = YES;
				CLANG_WARN_OBJC_ROOT_CLASS = YES_ERROR;
				CLANG_WARN_RANGE_LOOP_ANALYSIS = YES;
				CLANG_WARN_STRICT_PROTOTYPES = YES;
				CLANG_WARN_SUSPICIOUS_MOVE = YES;
				CLANG_WARN_UNGUARDED_AVAILABILITY = YES_AGGRESSIVE;
				CLANG_WARN_UNREACHABLE_CODE = YES;
				CLANG_WARN__DUPLICATE_METHOD_MATCH = YES;
				CODE_SIGN_IDENTITY = "iPhone Developer";
				COPY_PHASE_STRIP = NO;
				DEBUG_INFORMATION_FORMAT = dwarf;
				ENABLE_STRICT_OBJC_MSGSEND = YES;
				ENABLE_TESTABILITY = YES;
				GCC_C_LANGUAGE_STANDARD = gnu11;
				GCC_DYNAMIC_NO_PIC = NO;
				GCC_NO_COMMON_BLOCKS = YES;
				GCC_OPTIMIZATION_LEVEL = 0;
				GCC_PREPROCESSOR_DEFINITIONS = (
					"DEBUG=1",
					"$(inherited)",
				);
				GCC_WARN_64_TO_32_BIT_CONVERSION = YES;
				GCC_WARN_ABOUT_RETURN_TYPE = YES_ERROR;
				GCC_WARN_UNDECLARED_SELECTOR = YES;
				GCC_WARN_UNINITIALIZED_AUTOS = YES_AGGRESSIVE;
				GCC_WARN_UNUSED_FUNCTION = YES;
				GCC_WARN_UNUSED_VARIABLE = YES;
				IPHONEOS_DEPLOYMENT_TARGET = 12.1;
				MTL_ENABLE_DEBUG_INFO = INCLUDE_SOURCE;
				MTL_FAST_MATH = YES;
				ONLY_ACTIVE_ARCH = YES;
				SDKROOT = iphoneos;
				SWIFT_ACTIVE_COMPILATION_CONDITIONS = DEBUG;
				SWIFT_OPTIMIZATION_LEVEL = "-Onone";
			};
			name = Debug;
		};
		3E49A3F32244DD4B00D261B2 /* Release */ = {
			isa = XCBuildConfiguration;
			buildSettings = {
				ALWAYS_SEARCH_USER_PATHS = NO;
				CLANG_ANALYZER_NONNULL = YES;
				CLANG_ANALYZER_NUMBER_OBJECT_CONVERSION = YES_AGGRESSIVE;
				CLANG_CXX_LANGUAGE_STANDARD = "gnu++14";
				CLANG_CXX_LIBRARY = "libc++";
				CLANG_ENABLE_MODULES = YES;
				CLANG_ENABLE_OBJC_ARC = YES;
				CLANG_ENABLE_OBJC_WEAK = YES;
				CLANG_WARN_BLOCK_CAPTURE_AUTORELEASING = YES;
				CLANG_WARN_BOOL_CONVERSION = YES;
				CLANG_WARN_COMMA = YES;
				CLANG_WARN_CONSTANT_CONVERSION = YES;
				CLANG_WARN_DEPRECATED_OBJC_IMPLEMENTATIONS = YES;
				CLANG_WARN_DIRECT_OBJC_ISA_USAGE = YES_ERROR;
				CLANG_WARN_DOCUMENTATION_COMMENTS = YES;
				CLANG_WARN_EMPTY_BODY = YES;
				CLANG_WARN_ENUM_CONVERSION = YES;
				CLANG_WARN_INFINITE_RECURSION = YES;
				CLANG_WARN_INT_CONVERSION = YES;
				CLANG_WARN_NON_LITERAL_NULL_CONVERSION = YES;
				CLANG_WARN_OBJC_IMPLICIT_RETAIN_SELF = YES;
				CLANG_WARN_OBJC_LITERAL_CONVERSION = YES;
				CLANG_WARN_OBJC_ROOT_CLASS = YES_ERROR;
				CLANG_WARN_RANGE_LOOP_ANALYSIS = YES;
				CLANG_WARN_STRICT_PROTOTYPES = YES;
				CLANG_WARN_SUSPICIOUS_MOVE = YES;
				CLANG_WARN_UNGUARDED_AVAILABILITY = YES_AGGRESSIVE;
				CLANG_WARN_UNREACHABLE_CODE = YES;
				CLANG_WARN__DUPLICATE_METHOD_MATCH = YES;
				CODE_SIGN_IDENTITY = "iPhone Developer";
				COPY_PHASE_STRIP = NO;
				DEBUG_INFORMATION_FORMAT = "dwarf-with-dsym";
				ENABLE_NS_ASSERTIONS = NO;
				ENABLE_STRICT_OBJC_MSGSEND = YES;
				GCC_C_LANGUAGE_STANDARD = gnu11;
				GCC_NO_COMMON_BLOCKS = YES;
				GCC_WARN_64_TO_32_BIT_CONVERSION = YES;
				GCC_WARN_ABOUT_RETURN_TYPE = YES_ERROR;
				GCC_WARN_UNDECLARED_SELECTOR = YES;
				GCC_WARN_UNINITIALIZED_AUTOS = YES_AGGRESSIVE;
				GCC_WARN_UNUSED_FUNCTION = YES;
				GCC_WARN_UNUSED_VARIABLE = YES;
				IPHONEOS_DEPLOYMENT_TARGET = 12.1;
				MTL_ENABLE_DEBUG_INFO = NO;
				MTL_FAST_MATH = YES;
				SDKROOT = iphoneos;
				SWIFT_COMPILATION_MODE = wholemodule;
				SWIFT_OPTIMIZATION_LEVEL = "-O";
				VALIDATE_PRODUCT = YES;
			};
			name = Release;
		};
		3E49A3F52244DD4B00D261B2 /* Debug */ = {
			isa = XCBuildConfiguration;
			buildSettings = {
				ASSETCATALOG_COMPILER_APPICON_NAME = AppIcon;
				CODE_SIGN_STYLE = Automatic;
				DEVELOPMENT_TEAM = PP4T4JWN4J;
				INFOPLIST_FILE = LHQSystemAlertDemo/Info.plist;
				IPHONEOS_DEPLOYMENT_TARGET = 8.0;
				LD_RUNPATH_SEARCH_PATHS = (
					"$(inherited)",
					"@executable_path/Frameworks",
				);
				PRODUCT_BUNDLE_IDENTIFIER = linhuaqin.LHQSystemAlertDemo;
				PRODUCT_NAME = "$(TARGET_NAME)";
				SWIFT_VERSION = 4.2;
				TARGETED_DEVICE_FAMILY = "1,2";
			};
			name = Debug;
		};
		3E49A3F62244DD4B00D261B2 /* Release */ = {
			isa = XCBuildConfiguration;
			buildSettings = {
				ASSETCATALOG_COMPILER_APPICON_NAME = AppIcon;
				CODE_SIGN_STYLE = Automatic;
				DEVELOPMENT_TEAM = PP4T4JWN4J;
				INFOPLIST_FILE = LHQSystemAlertDemo/Info.plist;
				IPHONEOS_DEPLOYMENT_TARGET = 8.0;
				LD_RUNPATH_SEARCH_PATHS = (
					"$(inherited)",
					"@executable_path/Frameworks",
				);
				PRODUCT_BUNDLE_IDENTIFIER = linhuaqin.LHQSystemAlertDemo;
				PRODUCT_NAME = "$(TARGET_NAME)";
				SWIFT_VERSION = 4.2;
				TARGETED_DEVICE_FAMILY = "1,2";
			};
			name = Release;
		};
		3E49A3F82244DD4B00D261B2 /* Debug */ = {
			isa = XCBuildConfiguration;
			buildSettings = {
				ALWAYS_EMBED_SWIFT_STANDARD_LIBRARIES = YES;
				BUNDLE_LOADER = "$(TEST_HOST)";
				CODE_SIGN_STYLE = Automatic;
				INFOPLIST_FILE = LHQSystemAlertDemoTests/Info.plist;
				LD_RUNPATH_SEARCH_PATHS = (
					"$(inherited)",
					"@executable_path/Frameworks",
					"@loader_path/Frameworks",
				);
				PRODUCT_BUNDLE_IDENTIFIER = linhuaqin.LHQSystemAlertDemoTests;
				PRODUCT_NAME = "$(TARGET_NAME)";
				SWIFT_VERSION = 4.2;
				TARGETED_DEVICE_FAMILY = "1,2";
				TEST_HOST = "$(BUILT_PRODUCTS_DIR)/LHQSystemAlertDemo.app/LHQSystemAlertDemo";
			};
			name = Debug;
		};
		3E49A3F92244DD4B00D261B2 /* Release */ = {
			isa = XCBuildConfiguration;
			buildSettings = {
				ALWAYS_EMBED_SWIFT_STANDARD_LIBRARIES = YES;
				BUNDLE_LOADER = "$(TEST_HOST)";
				CODE_SIGN_STYLE = Automatic;
				INFOPLIST_FILE = LHQSystemAlertDemoTests/Info.plist;
				LD_RUNPATH_SEARCH_PATHS = (
					"$(inherited)",
					"@executable_path/Frameworks",
					"@loader_path/Frameworks",
				);
				PRODUCT_BUNDLE_IDENTIFIER = linhuaqin.LHQSystemAlertDemoTests;
				PRODUCT_NAME = "$(TARGET_NAME)";
				SWIFT_VERSION = 4.2;
				TARGETED_DEVICE_FAMILY = "1,2";
				TEST_HOST = "$(BUILT_PRODUCTS_DIR)/LHQSystemAlertDemo.app/LHQSystemAlertDemo";
			};
			name = Release;
		};
		3E49A3FB2244DD4B00D261B2 /* Debug */ = {
			isa = XCBuildConfiguration;
			buildSettings = {
				ALWAYS_EMBED_SWIFT_STANDARD_LIBRARIES = YES;
				CODE_SIGN_STYLE = Automatic;
				INFOPLIST_FILE = LHQSystemAlertDemoUITests/Info.plist;
				LD_RUNPATH_SEARCH_PATHS = (
					"$(inherited)",
					"@executable_path/Frameworks",
					"@loader_path/Frameworks",
				);
				PRODUCT_BUNDLE_IDENTIFIER = linhuaqin.LHQSystemAlertDemoUITests;
				PRODUCT_NAME = "$(TARGET_NAME)";
				SWIFT_VERSION = 4.2;
				TARGETED_DEVICE_FAMILY = "1,2";
				TEST_TARGET_NAME = LHQSystemAlertDemo;
			};
			name = Debug;
		};
		3E49A3FC2244DD4B00D261B2 /* Release */ = {
			isa = XCBuildConfiguration;
			buildSettings = {
				ALWAYS_EMBED_SWIFT_STANDARD_LIBRARIES = YES;
				CODE_SIGN_STYLE = Automatic;
				INFOPLIST_FILE = LHQSystemAlertDemoUITests/Info.plist;
				LD_RUNPATH_SEARCH_PATHS = (
					"$(inherited)",
					"@executable_path/Frameworks",
					"@loader_path/Frameworks",
				);
				PRODUCT_BUNDLE_IDENTIFIER = linhuaqin.LHQSystemAlertDemoUITests;
				PRODUCT_NAME = "$(TARGET_NAME)";
				SWIFT_VERSION = 4.2;
				TARGETED_DEVICE_FAMILY = "1,2";
				TEST_TARGET_NAME = LHQSystemAlertDemo;
			};
			name = Release;
		};
/* End XCBuildConfiguration section */

/* Begin XCConfigurationList section */
		3E49A3C72244DD4100D261B2 /* Build configuration list for PBXProject "LHQSystemAlertDemo" */ = {
			isa = XCConfigurationList;
			buildConfigurations = (
				3E49A3F22244DD4B00D261B2 /* Debug */,
				3E49A3F32244DD4B00D261B2 /* Release */,
			);
			defaultConfigurationIsVisible = 0;
			defaultConfigurationName = Release;
		};
		3E49A3F42244DD4B00D261B2 /* Build configuration list for PBXNativeTarget "LHQSystemAlertDemo" */ = {
			isa = XCConfigurationList;
			buildConfigurations = (
				3E49A3F52244DD4B00D261B2 /* Debug */,
				3E49A3F62244DD4B00D261B2 /* Release */,
			);
			defaultConfigurationIsVisible = 0;
			defaultConfigurationName = Release;
		};
		3E49A3F72244DD4B00D261B2 /* Build configuration list for PBXNativeTarget "LHQSystemAlertDemoTests" */ = {
			isa = XCConfigurationList;
			buildConfigurations = (
				3E49A3F82244DD4B00D261B2 /* Debug */,
				3E49A3F92244DD4B00D261B2 /* Release */,
			);
			defaultConfigurationIsVisible = 0;
			defaultConfigurationName = Release;
		};
		3E49A3FA2244DD4B00D261B2 /* Build configuration list for PBXNativeTarget "LHQSystemAlertDemoUITests" */ = {
			isa = XCConfigurationList;
			buildConfigurations = (
				3E49A3FB2244DD4B00D261B2 /* Debug */,
				3E49A3FC2244DD4B00D261B2 /* Release */,
			);
			defaultConfigurationIsVisible = 0;
			defaultConfigurationName = Release;
		};
/* End XCConfigurationList section */
	};
	rootObject = 3E49A3C42244DD4100D261B2 /* Project object */;
}
